// !$*UTF8*$!
{
	archiveVersion = 1;
	classes = {
	};
	objectVersion = 46;
	objects = {

/* Begin PBXBuildFile section */
		632C99121F3C5D7F00FA02FB /* ChartTableViewCell.swift in Sources */ = {isa = PBXBuildFile; fileRef = 632C99111F3C5D7F00FA02FB /* ChartTableViewCell.swift */; };
		632C99141F3C5E2D00FA02FB /* AudienceViewController.swift in Sources */ = {isa = PBXBuildFile; fileRef = 632C99131F3C5E2D00FA02FB /* AudienceViewController.swift */; };
		632C99191F3C6C5D00FA02FB /* GraphItem.swift in Sources */ = {isa = PBXBuildFile; fileRef = 632C99181F3C6C5D00FA02FB /* GraphItem.swift */; };
		63DF00BC1F3ADE3A00D3768A /* AppDelegate.swift in Sources */ = {isa = PBXBuildFile; fileRef = 63DF00BB1F3ADE3A00D3768A /* AppDelegate.swift */; };
		63DF00BE1F3ADE3A00D3768A /* ViewController.swift in Sources */ = {isa = PBXBuildFile; fileRef = 63DF00BD1F3ADE3A00D3768A /* ViewController.swift */; };
		63DF00C11F3ADE3B00D3768A /* Main.storyboard in Resources */ = {isa = PBXBuildFile; fileRef = 63DF00BF1F3ADE3B00D3768A /* Main.storyboard */; };
		63DF00C31F3ADE3B00D3768A /* Assets.xcassets in Resources */ = {isa = PBXBuildFile; fileRef = 63DF00C21F3ADE3B00D3768A /* Assets.xcassets */; };
		63DF00C61F3ADE3B00D3768A /* LaunchScreen.storyboard in Resources */ = {isa = PBXBuildFile; fileRef = 63DF00C41F3ADE3B00D3768A /* LaunchScreen.storyboard */; };
		63DF00CE1F3ADE8600D3768A /* Extensions.swift in Sources */ = {isa = PBXBuildFile; fileRef = 63DF00CD1F3ADE8600D3768A /* Extensions.swift */; };
		63DF00D21F3AE77000D3768A /* Scores.swift in Sources */ = {isa = PBXBuildFile; fileRef = 63DF00D11F3AE77000D3768A /* Scores.swift */; };
		63DF00D41F3B0E6100D3768A /* TabBarViewController.swift in Sources */ = {isa = PBXBuildFile; fileRef = 63DF00D31F3B0E6100D3768A /* TabBarViewController.swift */; };
		D74CCEAF1F3B6F2F00A90BA7 /* BaseViewController.swift in Sources */ = {isa = PBXBuildFile; fileRef = D74CCEAE1F3B6F2F00A90BA7 /* BaseViewController.swift */; };
		D74CCEB11F3B6FCC00A90BA7 /* APICalls.swift in Sources */ = {isa = PBXBuildFile; fileRef = D74CCEB01F3B6FCC00A90BA7 /* APICalls.swift */; };
		E4E01FC1BFE0FAE65C86B0B4 /* Pods_VineLabTask.framework in Frameworks */ = {isa = PBXBuildFile; fileRef = 51B438E48A7B50D10A80F342 /* Pods_VineLabTask.framework */; };
/* End PBXBuildFile section */

/* Begin PBXFileReference section */
		51B438E48A7B50D10A80F342 /* Pods_VineLabTask.framework */ = {isa = PBXFileReference; explicitFileType = wrapper.framework; includeInIndex = 0; path = Pods_VineLabTask.framework; sourceTree = BUILT_PRODUCTS_DIR; };
		632C99111F3C5D7F00FA02FB /* ChartTableViewCell.swift */ = {isa = PBXFileReference; fileEncoding = 4; lastKnownFileType = sourcecode.swift; path = ChartTableViewCell.swift; sourceTree = "<group>"; };
		632C99131F3C5E2D00FA02FB /* AudienceViewController.swift */ = {isa = PBXFileReference; fileEncoding = 4; lastKnownFileType = sourcecode.swift; path = AudienceViewController.swift; sourceTree = "<group>"; };
		632C99181F3C6C5D00FA02FB /* GraphItem.swift */ = {isa = PBXFileReference; fileEncoding = 4; lastKnownFileType = sourcecode.swift; path = GraphItem.swift; sourceTree = "<group>"; };
		63DF00B81F3ADE3A00D3768A /* VineLabTask.app */ = {isa = PBXFileReference; explicitFileType = wrapper.application; includeInIndex = 0; path = VineLabTask.app; sourceTree = BUILT_PRODUCTS_DIR; };
		63DF00BB1F3ADE3A00D3768A /* AppDelegate.swift */ = {isa = PBXFileReference; lastKnownFileType = sourcecode.swift; path = AppDelegate.swift; sourceTree = "<group>"; };
		63DF00BD1F3ADE3A00D3768A /* ViewController.swift */ = {isa = PBXFileReference; lastKnownFileType = sourcecode.swift; path = ViewController.swift; sourceTree = "<group>"; };
		63DF00C01F3ADE3B00D3768A /* Base */ = {isa = PBXFileReference; lastKnownFileType = file.storyboard; name = Base; path = Base.lproj/Main.storyboard; sourceTree = "<group>"; };
		63DF00C21F3ADE3B00D3768A /* Assets.xcassets */ = {isa = PBXFileReference; lastKnownFileType = folder.assetcatalog; path = Assets.xcassets; sourceTree = "<group>"; };
		63DF00C51F3ADE3B00D3768A /* Base */ = {isa = PBXFileReference; lastKnownFileType = file.storyboard; name = Base; path = Base.lproj/LaunchScreen.storyboard; sourceTree = "<group>"; };
		63DF00C71F3ADE3B00D3768A /* Info.plist */ = {isa = PBXFileReference; lastKnownFileType = text.plist.xml; path = Info.plist; sourceTree = "<group>"; };
		63DF00CD1F3ADE8600D3768A /* Extensions.swift */ = {isa = PBXFileReference; fileEncoding = 4; lastKnownFileType = sourcecode.swift; path = Extensions.swift; sourceTree = "<group>"; };
		63DF00D11F3AE77000D3768A /* Scores.swift */ = {isa = PBXFileReference; fileEncoding = 4; lastKnownFileType = sourcecode.swift; path = Scores.swift; sourceTree = "<group>"; };
		63DF00D31F3B0E6100D3768A /* TabBarViewController.swift */ = {isa = PBXFileReference; fileEncoding = 4; lastKnownFileType = sourcecode.swift; path = TabBarViewController.swift; sourceTree = "<group>"; };
		79BFAE534116C4D03C12354D /* Pods-VineLabTask.debug.xcconfig */ = {isa = PBXFileReference; includeInIndex = 1; lastKnownFileType = text.xcconfig; name = "Pods-VineLabTask.debug.xcconfig"; path = "Pods/Target Support Files/Pods-VineLabTask/Pods-VineLabTask.debug.xcconfig"; sourceTree = "<group>"; };
		AFDCA7798D1E03182FD25642 /* Pods-VineLabTask.release.xcconfig */ = {isa = PBXFileReference; includeInIndex = 1; lastKnownFileType = text.xcconfig; name = "Pods-VineLabTask.release.xcconfig"; path = "Pods/Target Support Files/Pods-VineLabTask/Pods-VineLabTask.release.xcconfig"; sourceTree = "<group>"; };
		D74CCEAE1F3B6F2F00A90BA7 /* BaseViewController.swift */ = {isa = PBXFileReference; fileEncoding = 4; lastKnownFileType = sourcecode.swift; path = BaseViewController.swift; sourceTree = "<group>"; };
		D74CCEB01F3B6FCC00A90BA7 /* APICalls.swift */ = {isa = PBXFileReference; fileEncoding = 4; lastKnownFileType = sourcecode.swift; path = APICalls.swift; sourceTree = "<group>"; };
/* End PBXFileReference section */

/* Begin PBXFrameworksBuildPhase section */
		63DF00B51F3ADE3A00D3768A /* Frameworks */ = {
			isa = PBXFrameworksBuildPhase;
			buildActionMask = 2147483647;
			files = (
				E4E01FC1BFE0FAE65C86B0B4 /* Pods_VineLabTask.framework in Frameworks */,
			);
			runOnlyForDeploymentPostprocessing = 0;
		};
/* End PBXFrameworksBuildPhase section */

/* Begin PBXGroup section */
		632C99101F3C5D6800FA02FB /* Views */ = {
			isa = PBXGroup;
			children = (
				632C99111F3C5D7F00FA02FB /* ChartTableViewCell.swift */,
			);
			name = Views;
			sourceTree = "<group>";
		};
		63DF00AF1F3ADE3A00D3768A = {
			isa = PBXGroup;
			children = (
				63DF00BA1F3ADE3A00D3768A /* VineLabTask */,
				63DF00B91F3ADE3A00D3768A /* Products */,
				BEEF6734AFCE8CD4B1AE1EEE /* Pods */,
				AC82169F2C4054DFF04AB9FF /* Frameworks */,
			);
			sourceTree = "<group>";
		};
		63DF00B91F3ADE3A00D3768A /* Products */ = {
			isa = PBXGroup;
			children = (
				63DF00B81F3ADE3A00D3768A /* VineLabTask.app */,
			);
			name = Products;
			sourceTree = "<group>";
		};
		63DF00BA1F3ADE3A00D3768A /* VineLabTask */ = {
			isa = PBXGroup;
			children = (
				632C99101F3C5D6800FA02FB /* Views */,
				63DF00D01F3AE71B00D3768A /* Controllers */,
				63DF00CF1F3AE68E00D3768A /* Model */,
				63DF00BB1F3ADE3A00D3768A /* AppDelegate.swift */,
				63DF00BF1F3ADE3B00D3768A /* Main.storyboard */,
				63DF00C21F3ADE3B00D3768A /* Assets.xcassets */,
				63DF00C41F3ADE3B00D3768A /* LaunchScreen.storyboard */,
				63DF00C71F3ADE3B00D3768A /* Info.plist */,
				63DF00CD1F3ADE8600D3768A /* Extensions.swift */,
				D74CCEB01F3B6FCC00A90BA7 /* APICalls.swift */,
			);
			path = VineLabTask;
			sourceTree = "<group>";
		};
		63DF00CF1F3AE68E00D3768A /* Model */ = {
			isa = PBXGroup;
			children = (
				63DF00D11F3AE77000D3768A /* Scores.swift */,
				632C99181F3C6C5D00FA02FB /* GraphItem.swift */,
			);
			name = Model;
			sourceTree = "<group>";
		};
		63DF00D01F3AE71B00D3768A /* Controllers */ = {
			isa = PBXGroup;
			children = (
				63DF00BD1F3ADE3A00D3768A /* ViewController.swift */,
				63DF00D31F3B0E6100D3768A /* TabBarViewController.swift */,
				D74CCEAE1F3B6F2F00A90BA7 /* BaseViewController.swift */,
				632C99131F3C5E2D00FA02FB /* AudienceViewController.swift */,
			);
			name = Controllers;
			sourceTree = "<group>";
		};
		AC82169F2C4054DFF04AB9FF /* Frameworks */ = {
			isa = PBXGroup;
			children = (
				51B438E48A7B50D10A80F342 /* Pods_VineLabTask.framework */,
			);
			name = Frameworks;
			sourceTree = "<group>";
		};
		BEEF6734AFCE8CD4B1AE1EEE /* Pods */ = {
			isa = PBXGroup;
			children = (
				79BFAE534116C4D03C12354D /* Pods-VineLabTask.debug.xcconfig */,
				AFDCA7798D1E03182FD25642 /* Pods-VineLabTask.release.xcconfig */,
			);
			name = Pods;
			sourceTree = "<group>";
		};
/* End PBXGroup section */

/* Begin PBXNativeTarget section */
		63DF00B71F3ADE3A00D3768A /* VineLabTask */ = {
			isa = PBXNativeTarget;
			buildConfigurationList = 63DF00CA1F3ADE3B00D3768A /* Build configuration list for PBXNativeTarget "VineLabTask" */;
			buildPhases = (
				45B8DCB224207D7E5A0B457A /* [CP] Check Pods Manifest.lock */,
				63DF00B41F3ADE3A00D3768A /* Sources */,
				63DF00B51F3ADE3A00D3768A /* Frameworks */,
				63DF00B61F3ADE3A00D3768A /* Resources */,
				8C52465ED065DDD374EF0DA0 /* [CP] Embed Pods Frameworks */,
				6260928B3312CB960AC5DC9B /* [CP] Copy Pods Resources */,
			);
			buildRules = (
			);
			dependencies = (
			);
			name = VineLabTask;
			productName = VineLabTask;
			productReference = 63DF00B81F3ADE3A00D3768A /* VineLabTask.app */;
			productType = "com.apple.product-type.application";
		};
/* End PBXNativeTarget section */

/* Begin PBXProject section */
		63DF00B01F3ADE3A00D3768A /* Project object */ = {
			isa = PBXProject;
			attributes = {
				LastSwiftUpdateCheck = 0830;
				LastUpgradeCheck = 0830;
				ORGANIZATIONNAME = "Hussein Jaber";
				TargetAttributes = {
					63DF00B71F3ADE3A00D3768A = {
						CreatedOnToolsVersion = 8.3.3;
						DevelopmentTeam = SGAW4ZB949;
						ProvisioningStyle = Automatic;
					};
				};
			};
			buildConfigurationList = 63DF00B31F3ADE3A00D3768A /* Build configuration list for PBXProject "VineLabTask" */;
			compatibilityVersion = "Xcode 3.2";
			developmentRegion = English;
			hasScannedForEncodings = 0;
			knownRegions = (
				en,
				Base,
			);
			mainGroup = 63DF00AF1F3ADE3A00D3768A;
			productRefGroup = 63DF00B91F3ADE3A00D3768A /* Products */;
			projectDirPath = "";
			projectRoot = "";
			targets = (
				63DF00B71F3ADE3A00D3768A /* VineLabTask */,
			);
		};
/* End PBXProject section */

/* Begin PBXResourcesBuildPhase section */
		63DF00B61F3ADE3A00D3768A /* Resources */ = {
			isa = PBXResourcesBuildPhase;
			buildActionMask = 2147483647;
			files = (
				63DF00C61F3ADE3B00D3768A /* LaunchScreen.storyboard in Resources */,
				63DF00C31F3ADE3B00D3768A /* Assets.xcassets in Resources */,
				63DF00C11F3ADE3B00D3768A /* Main.storyboard in Resources */,
			);
			runOnlyForDeploymentPostprocessing = 0;
		};
/* End PBXResourcesBuildPhase section */

/* Begin PBXShellScriptBuildPhase section */
		45B8DCB224207D7E5A0B457A /* [CP] Check Pods Manifest.lock */ = {
			isa = PBXShellScriptBuildPhase;
			buildActionMask = 2147483647;
			files = (
			);
			inputPaths = (
			);
			name = "[CP] Check Pods Manifest.lock";
			outputPaths = (
			);
			runOnlyForDeploymentPostprocessing = 0;
			shellPath = /bin/sh;
			shellScript = "diff \"${PODS_PODFILE_DIR_PATH}/Podfile.lock\" \"${PODS_ROOT}/Manifest.lock\" > /dev/null\nif [ $? != 0 ] ; then\n    # print error to STDERR\n    echo \"error: The sandbox is not in sync with the Podfile.lock. Run 'pod install' or update your CocoaPods installation.\" >&2\n    exit 1\nfi\n";
			showEnvVarsInLog = 0;
		};
		6260928B3312CB960AC5DC9B /* [CP] Copy Pods Resources */ = {
			isa = PBXShellScriptBuildPhase;
			buildActionMask = 2147483647;
			files = (
			);
			inputPaths = (
			);
			name = "[CP] Copy Pods Resources";
			outputPaths = (
			);
			runOnlyForDeploymentPostprocessing = 0;
			shellPath = /bin/sh;
			shellScript = "\"${SRCROOT}/Pods/Target Support Files/Pods-VineLabTask/Pods-VineLabTask-resources.sh\"\n";
			showEnvVarsInLog = 0;
		};
		8C52465ED065DDD374EF0DA0 /* [CP] Embed Pods Frameworks */ = {
			isa = PBXShellScriptBuildPhase;
			buildActionMask = 2147483647;
			files = (
			);
			inputPaths = (
			);
			name = "[CP] Embed Pods Frameworks";
			outputPaths = (
			);
			runOnlyForDeploymentPostprocessing = 0;
			shellPath = /bin/sh;
			shellScript = "\"${SRCROOT}/Pods/Target Support Files/Pods-VineLabTask/Pods-VineLabTask-frameworks.sh\"\n";
			showEnvVarsInLog = 0;
		};
/* End PBXShellScriptBuildPhase section */

/* Begin PBXSourcesBuildPhase section */
		63DF00B41F3ADE3A00D3768A /* Sources */ = {
			isa = PBXSourcesBuildPhase;
			buildActionMask = 2147483647;
			files = (
				632C99121F3C5D7F00FA02FB /* ChartTableViewCell.swift in Sources */,
				63DF00BE1F3ADE3A00D3768A /* ViewController.swift in Sources */,
				D74CCEB11F3B6FCC00A90BA7 /* APICalls.swift in Sources */,
				632C99191F3C6C5D00FA02FB /* GraphItem.swift in Sources */,
				63DF00CE1F3ADE8600D3768A /* Extensions.swift in Sources */,
				63DF00D21F3AE77000D3768A /* Scores.swift in Sources */,
				63DF00D41F3B0E6100D3768A /* TabBarViewController.swift in Sources */,
				63DF00BC1F3ADE3A00D3768A /* AppDelegate.swift in Sources */,
				D74CCEAF1F3B6F2F00A90BA7 /* BaseViewController.swift in Sources */,
				632C99141F3C5E2D00FA02FB /* AudienceViewController.swift in Sources */,
			);
			runOnlyForDeploymentPostprocessing = 0;
		};
/* End PBXSourcesBuildPhase section */

/* Begin PBXVariantGroup section */
		63DF00BF1F3ADE3B00D3768A /* Main.storyboard */ = {
			isa = PBXVariantGroup;
			children = (
				63DF00C01F3ADE3B00D3768A /* Base */,
			);
			name = Main.storyboard;
			sourceTree = "<group>";
		};
		63DF00C41F3ADE3B00D3768A /* LaunchScreen.storyboard */ = {
			isa = PBXVariantGroup;
			children = (
				63DF00C51F3ADE3B00D3768A /* Base */,
			);
			name = LaunchScreen.storyboard;
			sourceTree = "<group>";
		};
/* End PBXVariantGroup section */

/* Begin XCBuildConfiguration section */
		63DF00C81F3ADE3B00D3768A /* Debug */ = {
			isa = XCBuildConfiguration;
			buildSettings = {
				ALWAYS_SEARCH_USER_PATHS = NO;
				CLANG_ANALYZER_NONNULL = YES;
				CLANG_ANALYZER_NUMBER_OBJECT_CONVERSION = YES_AGGRESSIVE;
				CLANG_CXX_LANGUAGE_STANDARD = "gnu++0x";
				CLANG_CXX_LIBRARY = "libc++";
				CLANG_ENABLE_MODULES = YES;
				CLANG_ENABLE_OBJC_ARC = YES;
				CLANG_WARN_BOOL_CONVERSION = YES;
				CLANG_WARN_CONSTANT_CONVERSION = YES;
				CLANG_WARN_DIRECT_OBJC_ISA_USAGE = YES_ERROR;
				CLANG_WARN_DOCUMENTATION_COMMENTS = YES;
				CLANG_WARN_EMPTY_BODY = YES;
				CLANG_WARN_ENUM_CONVERSION = YES;
				CLANG_WARN_INFINITE_RECURSION = YES;
				CLANG_WARN_INT_CONVERSION = YES;
				CLANG_WARN_OBJC_ROOT_CLASS = YES_ERROR;
				CLANG_WARN_SUSPICIOUS_MOVE = YES;
				CLANG_WARN_UNREACHABLE_CODE = YES;
				CLANG_WARN__DUPLICATE_METHOD_MATCH = YES;
				"CODE_SIGN_IDENTITY[sdk=iphoneos*]" = "iPhone Developer";
				COPY_PHASE_STRIP = NO;
				DEBUG_INFORMATION_FORMAT = dwarf;
				ENABLE_STRICT_OBJC_MSGSEND = YES;
				ENABLE_TESTABILITY = YES;
				GCC_C_LANGUAGE_STANDARD = gnu99;
				GCC_DYNAMIC_NO_PIC = NO;
				GCC_NO_COMMON_BLOCKS = YES;
				GCC_OPTIMIZATION_LEVEL = 0;
				GCC_PREPROCESSOR_DEFINITIONS = (
					"DEBUG=1",
					"$(inherited)",
				);
				GCC_WARN_64_TO_32_BIT_CONVERSION = YES;
				GCC_WARN_ABOUT_RETURN_TYPE = YES_ERROR;
				GCC_WARN_UNDECLARED_SELECTOR = YES;
				GCC_WARN_UNINITIALIZED_AUTOS = YES_AGGRESSIVE;
				GCC_WARN_UNUSED_FUNCTION = YES;
				GCC_WARN_UNUSED_VARIABLE = YES;
				IPHONEOS_DEPLOYMENT_TARGET = 10.3;
				MTL_ENABLE_DEBUG_INFO = YES;
				ONLY_ACTIVE_ARCH = YES;
				SDKROOT = iphoneos;
				SWIFT_ACTIVE_COMPILATION_CONDITIONS = DEBUG;
				SWIFT_OPTIMIZATION_LEVEL = "-Onone";
			};
			name = Debug;
		};
		63DF00C91F3ADE3B00D3768A /* Release */ = {
			isa = XCBuildConfiguration;
			buildSettings = {
				ALWAYS_SEARCH_USER_PATHS = NO;
				CLANG_ANALYZER_NONNULL = YES;
				CLANG_ANALYZER_NUMBER_OBJECT_CONVERSION = YES_AGGRESSIVE;
				CLANG_CXX_LANGUAGE_STANDARD = "gnu++0x";
				CLANG_CXX_LIBRARY = "libc++";
				CLANG_ENABLE_MODULES = YES;
				CLANG_ENABLE_OBJC_ARC = YES;
				CLANG_WARN_BOOL_CONVERSION = YES;
				CLANG_WARN_CONSTANT_CONVERSION = YES;
				CLANG_WARN_DIRECT_OBJC_ISA_USAGE = YES_ERROR;
				CLANG_WARN_DOCUMENTATION_COMMENTS = YES;
				CLANG_WARN_EMPTY_BODY = YES;
				CLANG_WARN_ENUM_CONVERSION = YES;
				CLANG_WARN_INFINITE_RECURSION = YES;
				CLANG_WARN_INT_CONVERSION = YES;
				CLANG_WARN_OBJC_ROOT_CLASS = YES_ERROR;
				CLANG_WARN_SUSPICIOUS_MOVE = YES;
				CLANG_WARN_UNREACHABLE_CODE = YES;
				CLANG_WARN__DUPLICATE_METHOD_MATCH = YES;
				"CODE_SIGN_IDENTITY[sdk=iphoneos*]" = "iPhone Developer";
				COPY_PHASE_STRIP = NO;
				DEBUG_INFORMATION_FORMAT = "dwarf-with-dsym";
				ENABLE_NS_ASSERTIONS = NO;
				ENABLE_STRICT_OBJC_MSGSEND = YES;
				GCC_C_LANGUAGE_STANDARD = gnu99;
				GCC_NO_COMMON_BLOCKS = YES;
				GCC_WARN_64_TO_32_BIT_CONVERSION = YES;
				GCC_WARN_ABOUT_RETURN_TYPE = YES_ERROR;
				GCC_WARN_UNDECLARED_SELECTOR = YES;
				GCC_WARN_UNINITIALIZED_AUTOS = YES_AGGRESSIVE;
				GCC_WARN_UNUSED_FUNCTION = YES;
				GCC_WARN_UNUSED_VARIABLE = YES;
				IPHONEOS_DEPLOYMENT_TARGET = 10.3;
				MTL_ENABLE_DEBUG_INFO = NO;
				SDKROOT = iphoneos;
				SWIFT_OPTIMIZATION_LEVEL = "-Owholemodule";
				VALIDATE_PRODUCT = YES;
			};
			name = Release;
		};
		63DF00CB1F3ADE3B00D3768A /* Debug */ = {
			isa = XCBuildConfiguration;
			baseConfigurationReference = 79BFAE534116C4D03C12354D /* Pods-VineLabTask.debug.xcconfig */;
			buildSettings = {
				ASSETCATALOG_COMPILER_APPICON_NAME = AppIcon;
				DEVELOPMENT_TEAM = SGAW4ZB949;
				INFOPLIST_FILE = VineLabTask/Info.plist;
				LD_RUNPATH_SEARCH_PATHS = "$(inherited) @executable_path/Frameworks";
				PRODUCT_BUNDLE_IDENTIFIER = com.hujaber.VineLabTask;
				PRODUCT_NAME = "$(TARGET_NAME)";
				SWIFT_VERSION = 3.0;
			};
			name = Debug;
		};
		63DF00CC1F3ADE3B00D3768A /* Release */ = {
			isa = XCBuildConfiguration;
			baseConfigurationReference = AFDCA7798D1E03182FD25642 /* Pods-VineLabTask.release.xcconfig */;
			buildSettings = {
				ASSETCATALOG_COMPILER_APPICON_NAME = AppIcon;
				DEVELOPMENT_TEAM = SGAW4ZB949;
				INFOPLIST_FILE = VineLabTask/Info.plist;
				LD_RUNPATH_SEARCH_PATHS = "$(inherited) @executable_path/Frameworks";
				PRODUCT_BUNDLE_IDENTIFIER = com.hujaber.VineLabTask;
				PRODUCT_NAME = "$(TARGET_NAME)";
				SWIFT_VERSION = 3.0;
			};
			name = Release;
		};
/* End XCBuildConfiguration section */

/* Begin XCConfigurationList section */
		63DF00B31F3ADE3A00D3768A /* Build configuration list for PBXProject "VineLabTask" */ = {
			isa = XCConfigurationList;
			buildConfigurations = (
				63DF00C81F3ADE3B00D3768A /* Debug */,
				63DF00C91F3ADE3B00D3768A /* Release */,
			);
			defaultConfigurationIsVisible = 0;
			defaultConfigurationName = Release;
		};
		63DF00CA1F3ADE3B00D3768A /* Build configuration list for PBXNativeTarget "VineLabTask" */ = {
			isa = XCConfigurationList;
			buildConfigurations = (
				63DF00CB1F3ADE3B00D3768A /* Debug */,
				63DF00CC1F3ADE3B00D3768A /* Release */,
			);
			defaultConfigurationIsVisible = 0;
			defaultConfigurationName = Release;
		};
/* End XCConfigurationList section */
	};
	rootObject = 63DF00B01F3ADE3A00D3768A /* Project object */;
}
